
Microsoft Visual Studio Solution File, Format Version 12.00
Project("{FAE04EC0-301F-11D3-BF4B-00C04F79EFBC}") = "OP2.4", "OP2.4\OP2.4.csproj", "{B80EAD5E-96F2-4462-BCBF-DAFA2FAF66CE}"
EndProject
Global
	GlobalSection(SolutionConfigurationPlatforms) = preSolution
		Debug|Any CPU = Debug|Any CPU
		Release|Any CPU = Release|Any CPU
	EndGlobalSection
	GlobalSection(ProjectConfigurationPlatforms) = postSolution
		{B80EAD5E-96F2-4462-BCBF-DAFA2FAF66CE}.Debug|Any CPU.ActiveCfg = Debug|Any CPU
		{B80EAD5E-96F2-4462-BCBF-DAFA2FAF66CE}.Debug|Any CPU.Build.0 = Debug|Any CPU
		{B80EAD5E-96F2-4462-BCBF-DAFA2FAF66CE}.Release|Any CPU.ActiveCfg = Release|Any CPU
		{B80EAD5E-96F2-4462-BCBF-DAFA2FAF66CE}.Release|Any CPU.Build.0 = Release|Any CPU
	EndGlobalSection
EndGlobal
